
Microsoft Visual Studio Solution File, Format Version 12.00
# Visual Studio Version 17
VisualStudioVersion = 17.4.33213.308
MinimumVisualStudioVersion = 10.0.40219.1
Project("{8BC9CEB8-8B4A-11D0-8D11-00A0C91BC942}") = "Ejercicio1", "Ejercicio1\Ejercicio1.vcxproj", "{E0F06D60-7847-4380-BC4B-85B9965E3466}"
EndProject
Project("{8BC9CEB8-8B4A-11D0-8D11-00A0C91BC942}") = "Ejercicio2", "Ejercicio2\Ejercicio2.vcxproj", "{1E34FF3E-E719-4135-97C0-208B4CA66DC6}"
EndProject
Project("{8BC9CEB8-8B4A-11D0-8D11-00A0C91BC942}") = "Ejercicio3", "Ejercicio3\Ejercicio3.vcxproj", "{CB21751D-4A56-4196-8A66-2FFF98310FBE}"
EndProject
Project("{8BC9CEB8-8B4A-11D0-8D11-00A0C91BC942}") = "Ejercicio4", "Ejercicio4\Ejercicio4.vcxproj", "{16C83E9F-1A30-46E9-8720-C5E9363945A3}"
EndProject
Project("{8BC9CEB8-8B4A-11D0-8D11-00A0C91BC942}") = "Ejercicio5", "Ejercicio5\Ejercicio5.vcxproj", "{D70966E4-D8A0-4F89-88C7-3749872CB9A1}"
EndProject
Project("{8BC9CEB8-8B4A-11D0-8D11-00A0C91BC942}") = "Ejercicio6", "Ejercicio6\Ejercicio6.vcxproj", "{E4721A5D-0364-47E6-A80D-C1A63A3B2A11}"
EndProject
Project("{8BC9CEB8-8B4A-11D0-8D11-00A0C91BC942}") = "Ejercicio7", "Ejercicio7\Ejercicio7.vcxproj", "{CD10176F-4576-4858-8D8D-1DDCE71FE162}"
EndProject
Project("{8BC9CEB8-8B4A-11D0-8D11-00A0C91BC942}") = "Ejercicio8", "Ejercicio8\Ejercicio8.vcxproj", "{497C4231-71C8-4995-9720-E5089D0DC6B0}"
EndProject
Project("{8BC9CEB8-8B4A-11D0-8D11-00A0C91BC942}") = "Ejercicio9", "Ejercicio9\Ejercicio9.vcxproj", "{2C51C883-ADD3-4B4C-A527-35C692071E15}"
EndProject
Project("{8BC9CEB8-8B4A-11D0-8D11-00A0C91BC942}") = "Ejercicio10", "Ejercicio10\Ejercicio10.vcxproj", "{A0C24B7B-9F29-4F81-8DA1-3A676CC3CFA0}"
EndProject
Project("{8BC9CEB8-8B4A-11D0-8D11-00A0C91BC942}") = "Ejercicio11", "Ejercicio11\Ejercicio11.vcxproj", "{DDA3D581-3F41-41DA-B8E6-5C80A19EDB8C}"
EndProject
Project("{8BC9CEB8-8B4A-11D0-8D11-00A0C91BC942}") = "Ejercicio12", "Ejercicio12\Ejercicio12.vcxproj", "{75A1E34F-29A2-4061-B285-6B1B1E662640}"
EndProject
Global
	GlobalSection(SolutionConfigurationPlatforms) = preSolution
		Debug|x64 = Debug|x64
		Debug|x86 = Debug|x86
		Release|x64 = Release|x64
		Release|x86 = Release|x86
	EndGlobalSection
	GlobalSection(ProjectConfigurationPlatforms) = postSolution
		{E0F06D60-7847-4380-BC4B-85B9965E3466}.Debug|x64.ActiveCfg = Debug|x64
		{E0F06D60-7847-4380-BC4B-85B9965E3466}.Debug|x64.Build.0 = Debug|x64
		{E0F06D60-7847-4380-BC4B-85B9965E3466}.Debug|x86.ActiveCfg = Debug|Win32
		{E0F06D60-7847-4380-BC4B-85B9965E3466}.Debug|x86.Build.0 = Debug|Win32
		{E0F06D60-7847-4380-BC4B-85B9965E3466}.Release|x64.ActiveCfg = Release|x64
		{E0F06D60-7847-4380-BC4B-85B9965E3466}.Release|x64.Build.0 = Release|x64
		{E0F06D60-7847-4380-BC4B-85B9965E3466}.Release|x86.ActiveCfg = Release|Win32
		{E0F06D60-7847-4380-BC4B-85B9965E3466}.Release|x86.Build.0 = Release|Win32
		{1E34FF3E-E719-4135-97C0-208B4CA66DC6}.Debug|x64.ActiveCfg = Debug|x64
		{1E34FF3E-E719-4135-97C0-208B4CA66DC6}.Debug|x64.Build.0 = Debug|x64
		{1E34FF3E-E719-4135-97C0-208B4CA66DC6}.Debug|x86.ActiveCfg = Debug|Win32
		{1E34FF3E-E719-4135-97C0-208B4CA66DC6}.Debug|x86.Build.0 = Debug|Win32
		{1E34FF3E-E719-4135-97C0-208B4CA66DC6}.Release|x64.ActiveCfg = Release|x64
		{1E34FF3E-E719-4135-97C0-208B4CA66DC6}.Release|x64.Build.0 = Release|x64
		{1E34FF3E-E719-4135-97C0-208B4CA66DC6}.Release|x86.ActiveCfg = Release|Win32
		{1E34FF3E-E719-4135-97C0-208B4CA66DC6}.Release|x86.Build.0 = Release|Win32
		{CB21751D-4A56-4196-8A66-2FFF98310FBE}.Debug|x64.ActiveCfg = Debug|x64
		{CB21751D-4A56-4196-8A66-2FFF98310FBE}.Debug|x64.Build.0 = Debug|x64
		{CB21751D-4A56-4196-8A66-2FFF98310FBE}.Debug|x86.ActiveCfg = Debug|Win32
		{CB21751D-4A56-4196-8A66-2FFF98310FBE}.Debug|x86.Build.0 = Debug|Win32
		{CB21751D-4A56-4196-8A66-2FFF98310FBE}.Release|x64.ActiveCfg = Release|x64
		{CB21751D-4A56-4196-8A66-2FFF98310FBE}.Release|x64.Build.0 = Release|x64
		{CB21751D-4A56-4196-8A66-2FFF98310FBE}.Release|x86.ActiveCfg = Release|Win32
		{CB21751D-4A56-4196-8A66-2FFF98310FBE}.Release|x86.Build.0 = Release|Win32
		{16C83E9F-1A30-46E9-8720-C5E9363945A3}.Debug|x64.ActiveCfg = Debug|x64
		{16C83E9F-1A30-46E9-8720-C5E9363945A3}.Debug|x64.Build.0 = Debug|x64
		{16C83E9F-1A30-46E9-8720-C5E9363945A3}.Debug|x86.ActiveCfg = Debug|Win32
		{16C83E9F-1A30-46E9-8720-C5E9363945A3}.Debug|x86.Build.0 = Debug|Win32
		{16C83E9F-1A30-46E9-8720-C5E9363945A3}.Release|x64.ActiveCfg = Release|x64
		{16C83E9F-1A30-46E9-8720-C5E9363945A3}.Release|x64.Build.0 = Release|x64
		{16C83E9F-1A30-46E9-8720-C5E9363945A3}.Release|x86.ActiveCfg = Release|Win32
		{16C83E9F-1A30-46E9-8720-C5E9363945A3}.Release|x86.Build.0 = Release|Win32
		{D70966E4-D8A0-4F89-88C7-3749872CB9A1}.Debug|x64.ActiveCfg = Debug|x64
		{D70966E4-D8A0-4F89-88C7-3749872CB9A1}.Debug|x64.Build.0 = Debug|x64
		{D70966E4-D8A0-4F89-88C7-3749872CB9A1}.Debug|x86.ActiveCfg = Debug|Win32
		{D70966E4-D8A0-4F89-88C7-3749872CB9A1}.Debug|x86.Build.0 = Debug|Win32
		{D70966E4-D8A0-4F89-88C7-3749872CB9A1}.Release|x64.ActiveCfg = Release|x64
		{D70966E4-D8A0-4F89-88C7-3749872CB9A1}.Release|x64.Build.0 = Release|x64
		{D70966E4-D8A0-4F89-88C7-3749872CB9A1}.Release|x86.ActiveCfg = Release|Win32
		{D70966E4-D8A0-4F89-88C7-3749872CB9A1}.Release|x86.Build.0 = Release|Win32
		{E4721A5D-0364-47E6-A80D-C1A63A3B2A11}.Debug|x64.ActiveCfg = Debug|x64
		{E4721A5D-0364-47E6-A80D-C1A63A3B2A11}.Debug|x64.Build.0 = Debug|x64
		{E4721A5D-0364-47E6-A80D-C1A63A3B2A11}.Debug|x86.ActiveCfg = Debug|Win32
		{E4721A5D-0364-47E6-A80D-C1A63A3B2A11}.Debug|x86.Build.0 = Debug|Win32
		{E4721A5D-0364-47E6-A80D-C1A63A3B2A11}.Release|x64.ActiveCfg = Release|x64
		{E4721A5D-0364-47E6-A80D-C1A63A3B2A11}.Release|x64.Build.0 = Release|x64
		{E4721A5D-0364-47E6-A80D-C1A63A3B2A11}.Release|x86.ActiveCfg = Release|Win32
		{E4721A5D-0364-47E6-A80D-C1A63A3B2A11}.Release|x86.Build.0 = Release|Win32
		{CD10176F-4576-4858-8D8D-1DDCE71FE162}.Debug|x64.ActiveCfg = Debug|x64
		{CD10176F-4576-4858-8D8D-1DDCE71FE162}.Debug|x64.Build.0 = Debug|x64
		{CD10176F-4576-4858-8D8D-1DDCE71FE162}.Debug|x86.ActiveCfg = Debug|Win32
		{CD10176F-4576-4858-8D8D-1DDCE71FE162}.Debug|x86.Build.0 = Debug|Win32
		{CD10176F-4576-4858-8D8D-1DDCE71FE162}.Release|x64.ActiveCfg = Release|x64
		{CD10176F-4576-4858-8D8D-1DDCE71FE162}.Release|x64.Build.0 = Release|x64
		{CD10176F-4576-4858-8D8D-1DDCE71FE162}.Release|x86.ActiveCfg = Release|Win32
		{CD10176F-4576-4858-8D8D-1DDCE71FE162}.Release|x86.Build.0 = Release|Win32
		{497C4231-71C8-4995-9720-E5089D0DC6B0}.Debug|x64.ActiveCfg = Debug|x64
		{497C4231-71C8-4995-9720-E5089D0DC6B0}.Debug|x64.Build.0 = Debug|x64
		{497C4231-71C8-4995-9720-E5089D0DC6B0}.Debug|x86.ActiveCfg = Debug|Win32
		{497C4231-71C8-4995-9720-E5089D0DC6B0}.Debug|x86.Build.0 = Debug|Win32
		{497C4231-71C8-4995-9720-E5089D0DC6B0}.Release|x64.ActiveCfg = Release|x64
		{497C4231-71C8-4995-9720-E5089D0DC6B0}.Release|x64.Build.0 = Release|x64
		{497C4231-71C8-4995-9720-E5089D0DC6B0}.Release|x86.ActiveCfg = Release|Win32
		{497C4231-71C8-4995-9720-E5089D0DC6B0}.Release|x86.Build.0 = Release|Win32
		{2C51C883-ADD3-4B4C-A527-35C692071E15}.Debug|x64.ActiveCfg = Debug|x64
		{2C51C883-ADD3-4B4C-A527-35C692071E15}.Debug|x64.Build.0 = Debug|x64
		{2C51C883-ADD3-4B4C-A527-35C692071E15}.Debug|x86.ActiveCfg = Debug|Win32
		{2C51C883-ADD3-4B4C-A527-35C692071E15}.Debug|x86.Build.0 = Debug|Win32
		{2C51C883-ADD3-4B4C-A527-35C692071E15}.Release|x64.ActiveCfg = Release|x64
		{2C51C883-ADD3-4B4C-A527-35C692071E15}.Release|x64.Build.0 = Release|x64
		{2C51C883-ADD3-4B4C-A527-35C692071E15}.Release|x86.ActiveCfg = Release|Win32
		{2C51C883-ADD3-4B4C-A527-35C692071E15}.Release|x86.Build.0 = Release|Win32
		{A0C24B7B-9F29-4F81-8DA1-3A676CC3CFA0}.Debug|x64.ActiveCfg = Debug|x64
		{A0C24B7B-9F29-4F81-8DA1-3A676CC3CFA0}.Debug|x64.Build.0 = Debug|x64
		{A0C24B7B-9F29-4F81-8DA1-3A676CC3CFA0}.Debug|x86.ActiveCfg = Debug|Win32
		{A0C24B7B-9F29-4F81-8DA1-3A676CC3CFA0}.Debug|x86.Build.0 = Debug|Win32
		{A0C24B7B-9F29-4F81-8DA1-3A676CC3CFA0}.Release|x64.ActiveCfg = Release|x64
		{A0C24B7B-9F29-4F81-8DA1-3A676CC3CFA0}.Release|x64.Build.0 = Release|x64
		{A0C24B7B-9F29-4F81-8DA1-3A676CC3CFA0}.Release|x86.ActiveCfg = Release|Win32
		{A0C24B7B-9F29-4F81-8DA1-3A676CC3CFA0}.Release|x86.Build.0 = Release|Win32
		{DDA3D581-3F41-41DA-B8E6-5C80A19EDB8C}.Debug|x64.ActiveCfg = Debug|x64
		{DDA3D581-3F41-41DA-B8E6-5C80A19EDB8C}.Debug|x64.Build.0 = Debug|x64
		{DDA3D581-3F41-41DA-B8E6-5C80A19EDB8C}.Debug|x86.ActiveCfg = Debug|Win32
		{DDA3D581-3F41-41DA-B8E6-5C80A19EDB8C}.Debug|x86.Build.0 = Debug|Win32
		{DDA3D581-3F41-41DA-B8E6-5C80A19EDB8C}.Release|x64.ActiveCfg = Release|x64
		{DDA3D581-3F41-41DA-B8E6-5C80A19EDB8C}.Release|x64.Build.0 = Release|x64
		{DDA3D581-3F41-41DA-B8E6-5C80A19EDB8C}.Release|x86.ActiveCfg = Release|Win32
		{DDA3D581-3F41-41DA-B8E6-5C80A19EDB8C}.Release|x86.Build.0 = Release|Win32
		{75A1E34F-29A2-4061-B285-6B1B1E662640}.Debug|x64.ActiveCfg = Debug|x64
		{75A1E34F-29A2-4061-B285-6B1B1E662640}.Debug|x64.Build.0 = Debug|x64
		{75A1E34F-29A2-4061-B285-6B1B1E662640}.Debug|x86.ActiveCfg = Debug|Win32
		{75A1E34F-29A2-4061-B285-6B1B1E662640}.Debug|x86.Build.0 = Debug|Win32
		{75A1E34F-29A2-4061-B285-6B1B1E662640}.Release|x64.ActiveCfg = Release|x64
		{75A1E34F-29A2-4061-B285-6B1B1E662640}.Release|x64.Build.0 = Release|x64
		{75A1E34F-29A2-4061-B285-6B1B1E662640}.Release|x86.ActiveCfg = Release|Win32
		{75A1E34F-29A2-4061-B285-6B1B1E662640}.Release|x86.Build.0 = Release|Win32
	EndGlobalSection
	GlobalSection(SolutionProperties) = preSolution
		HideSolutionNode = FALSE
	EndGlobalSection
	GlobalSection(ExtensibilityGlobals) = postSolution
		SolutionGuid = {5B2BF0FD-B197-4A88-9540-0CEBA3F4B5AB}
	EndGlobalSection
EndGlobal
